
Microsoft Visual Studio Solution File, Format Version 12.00
# Visual Studio Version 16
VisualStudioVersion = 16.0.31313.79
MinimumVisualStudioVersion = 10.0.40219.1
Project("{FAE04EC0-301F-11D3-BF4B-00C04F79EFBC}") = "Lecture7", "Lecture7\Lecture7.csproj", "{5FC25E9C-5B42-442A-8FCA-D7AB3FF8210A}"
EndProject
Global
	GlobalSection(SolutionConfigurationPlatforms) = preSolution
		Debug|Any CPU = Debug|Any CPU
		Release|Any CPU = Release|Any CPU
	EndGlobalSection
	GlobalSection(ProjectConfigurationPlatforms) = postSolution
		{5FC25E9C-5B42-442A-8FCA-D7AB3FF8210A}.Debug|Any CPU.ActiveCfg = Debug|Any CPU
		{5FC25E9C-5B42-442A-8FCA-D7AB3FF8210A}.Debug|Any CPU.Build.0 = Debug|Any CPU
		{5FC25E9C-5B42-442A-8FCA-D7AB3FF8210A}.Release|Any CPU.ActiveCfg = Release|Any CPU
		{5FC25E9C-5B42-442A-8FCA-D7AB3FF8210A}.Release|Any CPU.Build.0 = Release|Any CPU
	EndGlobalSection
	GlobalSection(SolutionProperties) = preSolution
		HideSolutionNode = FALSE
	EndGlobalSection
	GlobalSection(ExtensibilityGlobals) = postSolution
		SolutionGuid = {CD19D0D3-1066-4301-9405-5AA29CF3FEBB}
	EndGlobalSection
EndGlobal
