
Microsoft Visual Studio Solution File, Format Version 12.00
# Visual Studio Version 16
VisualStudioVersion = 16.0.31019.35
MinimumVisualStudioVersion = 10.0.40219.1
Project("{FAE04EC0-301F-11D3-BF4B-00C04F79EFBC}") = "FirstWebApp", "FirstWebApp\FirstWebApp.csproj", "{18002784-BFF8-4F0F-93FA-44324553DE43}"
EndProject
Global
	GlobalSection(SolutionConfigurationPlatforms) = preSolution
		Debug|Any CPU = Debug|Any CPU
		Release|Any CPU = Release|Any CPU
	EndGlobalSection
	GlobalSection(ProjectConfigurationPlatforms) = postSolution
		{18002784-BFF8-4F0F-93FA-44324553DE43}.Debug|Any CPU.ActiveCfg = Debug|Any CPU
		{18002784-BFF8-4F0F-93FA-44324553DE43}.Debug|Any CPU.Build.0 = Debug|Any CPU
		{18002784-BFF8-4F0F-93FA-44324553DE43}.Release|Any CPU.ActiveCfg = Release|Any CPU
		{18002784-BFF8-4F0F-93FA-44324553DE43}.Release|Any CPU.Build.0 = Release|Any CPU
	EndGlobalSection
	GlobalSection(SolutionProperties) = preSolution
		HideSolutionNode = FALSE
	EndGlobalSection
	GlobalSection(ExtensibilityGlobals) = postSolution
		SolutionGuid = {1DCE8DFB-E548-4731-860A-D2B792B84459}
	EndGlobalSection
EndGlobal
