
Microsoft Visual Studio Solution File, Format Version 12.00
# Visual Studio Version 16
VisualStudioVersion = 16.0.31313.79
MinimumVisualStudioVersion = 10.0.40219.1
Project("{FAE04EC0-301F-11D3-BF4B-00C04F79EFBC}") = "Lecture_3", "Lecture_3\Lecture_3.csproj", "{E6CBFE1D-6BC2-4C32-95E9-16CF8EBF8FBB}"
EndProject
Global
	GlobalSection(SolutionConfigurationPlatforms) = preSolution
		Debug|Any CPU = Debug|Any CPU
		Release|Any CPU = Release|Any CPU
	EndGlobalSection
	GlobalSection(ProjectConfigurationPlatforms) = postSolution
		{E6CBFE1D-6BC2-4C32-95E9-16CF8EBF8FBB}.Debug|Any CPU.ActiveCfg = Debug|Any CPU
		{E6CBFE1D-6BC2-4C32-95E9-16CF8EBF8FBB}.Debug|Any CPU.Build.0 = Debug|Any CPU
		{E6CBFE1D-6BC2-4C32-95E9-16CF8EBF8FBB}.Release|Any CPU.ActiveCfg = Release|Any CPU
		{E6CBFE1D-6BC2-4C32-95E9-16CF8EBF8FBB}.Release|Any CPU.Build.0 = Release|Any CPU
	EndGlobalSection
	GlobalSection(SolutionProperties) = preSolution
		HideSolutionNode = FALSE
	EndGlobalSection
	GlobalSection(ExtensibilityGlobals) = postSolution
		SolutionGuid = {582EBD9B-A121-4EFE-9491-D5A1DBF0DADE}
	EndGlobalSection
EndGlobal
