
Microsoft Visual Studio Solution File, Format Version 12.00
# Visual Studio Version 16
VisualStudioVersion = 16.0.31313.79
MinimumVisualStudioVersion = 10.0.40219.1
Project("{FAE04EC0-301F-11D3-BF4B-00C04F79EFBC}") = "Intro_WebAPI", "Intro_WebAPI\Intro_WebAPI.csproj", "{EDBCE67B-C4C8-4203-BCCD-0AB62125F5BC}"
EndProject
Global
	GlobalSection(SolutionConfigurationPlatforms) = preSolution
		Debug|Any CPU = Debug|Any CPU
		Release|Any CPU = Release|Any CPU
	EndGlobalSection
	GlobalSection(ProjectConfigurationPlatforms) = postSolution
		{EDBCE67B-C4C8-4203-BCCD-0AB62125F5BC}.Debug|Any CPU.ActiveCfg = Debug|Any CPU
		{EDBCE67B-C4C8-4203-BCCD-0AB62125F5BC}.Debug|Any CPU.Build.0 = Debug|Any CPU
		{EDBCE67B-C4C8-4203-BCCD-0AB62125F5BC}.Release|Any CPU.ActiveCfg = Release|Any CPU
		{EDBCE67B-C4C8-4203-BCCD-0AB62125F5BC}.Release|Any CPU.Build.0 = Release|Any CPU
	EndGlobalSection
	GlobalSection(SolutionProperties) = preSolution
		HideSolutionNode = FALSE
	EndGlobalSection
	GlobalSection(ExtensibilityGlobals) = postSolution
		SolutionGuid = {CADC9D18-8FF0-4B6E-8D0A-51562339A43C}
	EndGlobalSection
EndGlobal
